
Microsoft Visual Studio Solution File, Format Version 12.00
# Visual Studio Version 16
VisualStudioVersion = 16.0.30804.86
MinimumVisualStudioVersion = 10.0.40219.1
Project("{9A19103F-16F7-4668-BE54-9A1E7A4F7556}") = "ProjectName.Api", "ProjectName.Api\ProjectName.Api.csproj", "{1C84A8EC-0697-4189-993C-27BA01703281}"
EndProject
Project("{2150E333-8FDC-42A3-9474-1A3956D46DE8}") = "src", "src", "{56342EED-10F7-47B5-AE62-48FD3598785D}"
EndProject
Project("{2150E333-8FDC-42A3-9474-1A3956D46DE8}") = "tests", "tests", "{F9732093-B7A9-4D2A-9726-1E77E78AE44A}"
EndProject
Project("{2150E333-8FDC-42A3-9474-1A3956D46DE8}") = "CICD", "CICD", "{76B5C227-3C98-43B3-B98C-EB9F4C2B7467}"
EndProject
Project("{2150E333-8FDC-42A3-9474-1A3956D46DE8}") = "build", "build", "{F0DC9334-9E03-4657-833A-8670F3BA007B}"
	ProjectSection(SolutionItems) = preProject
		CICD\build\cd-build.yaml = CICD\build\cd-build.yaml
		CICD\build\ci-build.yaml = CICD\build\ci-build.yaml
	EndProjectSection
EndProject
Project("{2150E333-8FDC-42A3-9474-1A3956D46DE8}") = "deploy", "deploy", "{A3E9CD7C-BFE9-4D05-AE9C-2A4C3A958421}"
	ProjectSection(SolutionItems) = preProject
		CICD\deploy\arm-template.json = CICD\deploy\arm-template.json
		CICD\deploy\deploy.yaml = CICD\deploy\deploy.yaml
		CICD\deploy\params.json = CICD\deploy\params.json
		CICD\deploy\test-deployment.txt = CICD\deploy\test-deployment.txt
	EndProjectSection
EndProject
Project("{2150E333-8FDC-42A3-9474-1A3956D46DE8}") = "_Common", "_Common", "{D931970F-232D-411D-B3FA-E484196F3CCA}"
EndProject
Project("{2150E333-8FDC-42A3-9474-1A3956D46DE8}") = "Application", "Application", "{DEB24978-2289-4C36-8478-4A0D66E025CB}"
EndProject
Project("{2150E333-8FDC-42A3-9474-1A3956D46DE8}") = "Domain", "Domain", "{235B357E-A45C-441C-9928-2815A9277A2B}"
EndProject
Project("{2150E333-8FDC-42A3-9474-1A3956D46DE8}") = "Infrastructure", "Infrastructure", "{373C792C-20B3-4394-958D-9219B4C16F86}"
EndProject
Project("{2150E333-8FDC-42A3-9474-1A3956D46DE8}") = "Presentation", "Presentation", "{40771F20-3AF1-4799-9278-BEBDDC7D3C02}"
EndProject
Project("{9A19103F-16F7-4668-BE54-9A1E7A4F7556}") = "ProjectName.Common", "ProjectName.Common\ProjectName.Common.csproj", "{43864C9B-8CE6-40E2-B697-CAF5DB3D77E7}"
EndProject
Project("{9A19103F-16F7-4668-BE54-9A1E7A4F7556}") = "ProjectName.Application", "ProjectName.Application\ProjectName.Application.csproj", "{D1E17698-5234-4C88-9F0C-742C6BB894FF}"
EndProject
Project("{9A19103F-16F7-4668-BE54-9A1E7A4F7556}") = "ProjectName.Application.Domain", "ProjectName.Domain\ProjectName.Application.Domain.csproj", "{2B440BD9-A30D-4463-8243-31E5B804D2D0}"
EndProject
Project("{9A19103F-16F7-4668-BE54-9A1E7A4F7556}") = "ProjectName.Application.Contracts", "ProjectName.Application.Contracts\ProjectName.Application.Contracts.csproj", "{B3495F87-C343-4FA7-AD44-1C2D83AE2536}"
EndProject
Project("{9A19103F-16F7-4668-BE54-9A1E7A4F7556}") = "ProjectName.Application.Models", "ProjectName.Application.Models\ProjectName.Application.Models.csproj", "{7B0B8CBA-D646-4A9A-9054-F415E523F7A4}"
EndProject
Project("{9A19103F-16F7-4668-BE54-9A1E7A4F7556}") = "ProjectName.Application.Infrastructure", "ProjectName.Application.Infrastructure\ProjectName.Application.Infrastructure.csproj", "{0D645EAD-E947-4FE4-9C26-D3CC3C2FC77F}"
EndProject
Project("{2150E333-8FDC-42A3-9474-1A3956D46DE8}") = "Solution Items", "Solution Items", "{9736BF50-0AA2-4ECA-B01D-6D0CE2E8D6DD}"
	ProjectSection(SolutionItems) = preProject
		.editorconfig = .editorconfig
	EndProjectSection
EndProject
Project("{9A19103F-16F7-4668-BE54-9A1E7A4F7556}") = "ProjectName.Application.Persistence", "ProjectName.Application.Persistence\ProjectName.Application.Persistence.csproj", "{AB4EC02F-6108-4AB9-B595-EBBEF0573345}"
EndProject
Project("{9A19103F-16F7-4668-BE54-9A1E7A4F7556}") = "ProjectName.Domain.Tests", "ProjectName.Tests.Domain\ProjectName.Domain.Tests.csproj", "{413075B4-3C0B-4CCD-8540-F1A7C1F815E9}"
EndProject
Project("{2150E333-8FDC-42A3-9474-1A3956D46DE8}") = ".azuredevops", ".azuredevops", "{16F3151A-8C80-4DB9-AC9F-8EB2C85EC42E}"
	ProjectSection(SolutionItems) = preProject
		pull_request_template.md = pull_request_template.md
	EndProjectSection
EndProject
Project("{9A19103F-16F7-4668-BE54-9A1E7A4F7556}") = "ProjectName.Application.Integration.Tests", "ProjectName.Tests.Application\ProjectName.Application.Integration.Tests.csproj", "{E4C5248C-22EA-44F7-A845-1F4B6B05D950}"
EndProject
Project("{9A19103F-16F7-4668-BE54-9A1E7A4F7556}") = "ProjectName.Application.Domain.Events", "ProjectName.Application.Domain.Events\ProjectName.Application.Domain.Events.csproj", "{8FC4E4C3-845A-4F9F-9736-814CEF7C4CD2}"
EndProject
Global
	GlobalSection(SolutionConfigurationPlatforms) = preSolution
		Debug|Any CPU = Debug|Any CPU
		Release|Any CPU = Release|Any CPU
	EndGlobalSection
	GlobalSection(ProjectConfigurationPlatforms) = postSolution
		{1C84A8EC-0697-4189-993C-27BA01703281}.Debug|Any CPU.ActiveCfg = Debug|Any CPU
		{1C84A8EC-0697-4189-993C-27BA01703281}.Debug|Any CPU.Build.0 = Debug|Any CPU
		{1C84A8EC-0697-4189-993C-27BA01703281}.Release|Any CPU.ActiveCfg = Release|Any CPU
		{1C84A8EC-0697-4189-993C-27BA01703281}.Release|Any CPU.Build.0 = Release|Any CPU
		{43864C9B-8CE6-40E2-B697-CAF5DB3D77E7}.Debug|Any CPU.ActiveCfg = Debug|Any CPU
		{43864C9B-8CE6-40E2-B697-CAF5DB3D77E7}.Debug|Any CPU.Build.0 = Debug|Any CPU
		{43864C9B-8CE6-40E2-B697-CAF5DB3D77E7}.Release|Any CPU.ActiveCfg = Release|Any CPU
		{43864C9B-8CE6-40E2-B697-CAF5DB3D77E7}.Release|Any CPU.Build.0 = Release|Any CPU
		{D1E17698-5234-4C88-9F0C-742C6BB894FF}.Debug|Any CPU.ActiveCfg = Debug|Any CPU
		{D1E17698-5234-4C88-9F0C-742C6BB894FF}.Debug|Any CPU.Build.0 = Debug|Any CPU
		{D1E17698-5234-4C88-9F0C-742C6BB894FF}.Release|Any CPU.ActiveCfg = Release|Any CPU
		{D1E17698-5234-4C88-9F0C-742C6BB894FF}.Release|Any CPU.Build.0 = Release|Any CPU
		{2B440BD9-A30D-4463-8243-31E5B804D2D0}.Debug|Any CPU.ActiveCfg = Debug|Any CPU
		{2B440BD9-A30D-4463-8243-31E5B804D2D0}.Debug|Any CPU.Build.0 = Debug|Any CPU
		{2B440BD9-A30D-4463-8243-31E5B804D2D0}.Release|Any CPU.ActiveCfg = Release|Any CPU
		{2B440BD9-A30D-4463-8243-31E5B804D2D0}.Release|Any CPU.Build.0 = Release|Any CPU
		{B3495F87-C343-4FA7-AD44-1C2D83AE2536}.Debug|Any CPU.ActiveCfg = Debug|Any CPU
		{B3495F87-C343-4FA7-AD44-1C2D83AE2536}.Debug|Any CPU.Build.0 = Debug|Any CPU
		{B3495F87-C343-4FA7-AD44-1C2D83AE2536}.Release|Any CPU.ActiveCfg = Release|Any CPU
		{B3495F87-C343-4FA7-AD44-1C2D83AE2536}.Release|Any CPU.Build.0 = Release|Any CPU
		{7B0B8CBA-D646-4A9A-9054-F415E523F7A4}.Debug|Any CPU.ActiveCfg = Debug|Any CPU
		{7B0B8CBA-D646-4A9A-9054-F415E523F7A4}.Debug|Any CPU.Build.0 = Debug|Any CPU
		{7B0B8CBA-D646-4A9A-9054-F415E523F7A4}.Release|Any CPU.ActiveCfg = Release|Any CPU
		{7B0B8CBA-D646-4A9A-9054-F415E523F7A4}.Release|Any CPU.Build.0 = Release|Any CPU
		{0D645EAD-E947-4FE4-9C26-D3CC3C2FC77F}.Debug|Any CPU.ActiveCfg = Debug|Any CPU
		{0D645EAD-E947-4FE4-9C26-D3CC3C2FC77F}.Debug|Any CPU.Build.0 = Debug|Any CPU
		{0D645EAD-E947-4FE4-9C26-D3CC3C2FC77F}.Release|Any CPU.ActiveCfg = Release|Any CPU
		{0D645EAD-E947-4FE4-9C26-D3CC3C2FC77F}.Release|Any CPU.Build.0 = Release|Any CPU
		{AB4EC02F-6108-4AB9-B595-EBBEF0573345}.Debug|Any CPU.ActiveCfg = Debug|Any CPU
		{AB4EC02F-6108-4AB9-B595-EBBEF0573345}.Debug|Any CPU.Build.0 = Debug|Any CPU
		{AB4EC02F-6108-4AB9-B595-EBBEF0573345}.Release|Any CPU.ActiveCfg = Release|Any CPU
		{AB4EC02F-6108-4AB9-B595-EBBEF0573345}.Release|Any CPU.Build.0 = Release|Any CPU
		{413075B4-3C0B-4CCD-8540-F1A7C1F815E9}.Debug|Any CPU.ActiveCfg = Debug|Any CPU
		{413075B4-3C0B-4CCD-8540-F1A7C1F815E9}.Debug|Any CPU.Build.0 = Debug|Any CPU
		{413075B4-3C0B-4CCD-8540-F1A7C1F815E9}.Release|Any CPU.ActiveCfg = Release|Any CPU
		{413075B4-3C0B-4CCD-8540-F1A7C1F815E9}.Release|Any CPU.Build.0 = Release|Any CPU
		{E4C5248C-22EA-44F7-A845-1F4B6B05D950}.Debug|Any CPU.ActiveCfg = Debug|Any CPU
		{E4C5248C-22EA-44F7-A845-1F4B6B05D950}.Debug|Any CPU.Build.0 = Debug|Any CPU
		{E4C5248C-22EA-44F7-A845-1F4B6B05D950}.Release|Any CPU.ActiveCfg = Release|Any CPU
		{E4C5248C-22EA-44F7-A845-1F4B6B05D950}.Release|Any CPU.Build.0 = Release|Any CPU
		{8FC4E4C3-845A-4F9F-9736-814CEF7C4CD2}.Debug|Any CPU.ActiveCfg = Debug|Any CPU
		{8FC4E4C3-845A-4F9F-9736-814CEF7C4CD2}.Debug|Any CPU.Build.0 = Debug|Any CPU
		{8FC4E4C3-845A-4F9F-9736-814CEF7C4CD2}.Release|Any CPU.ActiveCfg = Release|Any CPU
		{8FC4E4C3-845A-4F9F-9736-814CEF7C4CD2}.Release|Any CPU.Build.0 = Release|Any CPU
	EndGlobalSection
	GlobalSection(SolutionProperties) = preSolution
		HideSolutionNode = FALSE
	EndGlobalSection
	GlobalSection(NestedProjects) = preSolution
		{1C84A8EC-0697-4189-993C-27BA01703281} = {40771F20-3AF1-4799-9278-BEBDDC7D3C02}
		{F0DC9334-9E03-4657-833A-8670F3BA007B} = {76B5C227-3C98-43B3-B98C-EB9F4C2B7467}
		{A3E9CD7C-BFE9-4D05-AE9C-2A4C3A958421} = {76B5C227-3C98-43B3-B98C-EB9F4C2B7467}
		{D931970F-232D-411D-B3FA-E484196F3CCA} = {56342EED-10F7-47B5-AE62-48FD3598785D}
		{DEB24978-2289-4C36-8478-4A0D66E025CB} = {56342EED-10F7-47B5-AE62-48FD3598785D}
		{235B357E-A45C-441C-9928-2815A9277A2B} = {56342EED-10F7-47B5-AE62-48FD3598785D}
		{373C792C-20B3-4394-958D-9219B4C16F86} = {56342EED-10F7-47B5-AE62-48FD3598785D}
		{40771F20-3AF1-4799-9278-BEBDDC7D3C02} = {56342EED-10F7-47B5-AE62-48FD3598785D}
		{43864C9B-8CE6-40E2-B697-CAF5DB3D77E7} = {D931970F-232D-411D-B3FA-E484196F3CCA}
		{D1E17698-5234-4C88-9F0C-742C6BB894FF} = {DEB24978-2289-4C36-8478-4A0D66E025CB}
		{2B440BD9-A30D-4463-8243-31E5B804D2D0} = {235B357E-A45C-441C-9928-2815A9277A2B}
		{B3495F87-C343-4FA7-AD44-1C2D83AE2536} = {DEB24978-2289-4C36-8478-4A0D66E025CB}
		{7B0B8CBA-D646-4A9A-9054-F415E523F7A4} = {DEB24978-2289-4C36-8478-4A0D66E025CB}
		{0D645EAD-E947-4FE4-9C26-D3CC3C2FC77F} = {373C792C-20B3-4394-958D-9219B4C16F86}
		{AB4EC02F-6108-4AB9-B595-EBBEF0573345} = {373C792C-20B3-4394-958D-9219B4C16F86}
		{413075B4-3C0B-4CCD-8540-F1A7C1F815E9} = {F9732093-B7A9-4D2A-9726-1E77E78AE44A}
		{E4C5248C-22EA-44F7-A845-1F4B6B05D950} = {F9732093-B7A9-4D2A-9726-1E77E78AE44A}
		{8FC4E4C3-845A-4F9F-9736-814CEF7C4CD2} = {235B357E-A45C-441C-9928-2815A9277A2B}
	EndGlobalSection
	GlobalSection(ExtensibilityGlobals) = postSolution
		SolutionGuid = {98D86C24-30BC-4A0B-A277-C220F2D6D0B8}
	EndGlobalSection
EndGlobal
